
Microsoft Visual Studio Solution File, Format Version 12.00
Project("{FAE04EC0-301F-11D3-BF4B-00C04F79EFBC}") = "VitamisAPI", "VitamisAPI\VitamisAPI.csproj", "{D987290B-75D9-43AC-93CC-91B4795A3223}"
EndProject
Global
	GlobalSection(SolutionConfigurationPlatforms) = preSolution
		Debug|Any CPU = Debug|Any CPU
		Release|Any CPU = Release|Any CPU
	EndGlobalSection
	GlobalSection(ProjectConfigurationPlatforms) = postSolution
		{D987290B-75D9-43AC-93CC-91B4795A3223}.Debug|Any CPU.ActiveCfg = Debug|Any CPU
		{D987290B-75D9-43AC-93CC-91B4795A3223}.Debug|Any CPU.Build.0 = Debug|Any CPU
		{D987290B-75D9-43AC-93CC-91B4795A3223}.Release|Any CPU.ActiveCfg = Release|Any CPU
		{D987290B-75D9-43AC-93CC-91B4795A3223}.Release|Any CPU.Build.0 = Release|Any CPU
	EndGlobalSection
EndGlobal
