
Microsoft Visual Studio Solution File, Format Version 12.00
# Visual Studio Version 16
VisualStudioVersion = 16.0.30711.63
MinimumVisualStudioVersion = 10.0.40219.1
Project("{9A19103F-16F7-4668-BE54-9A1E7A4F7556}") = "frontendTest", "VitamisFrontendTest\frontendTest.csproj", "{0794D4CD-3F6C-49B2-9D60-7BB24315D2B0}"
EndProject
Global
	GlobalSection(SolutionConfigurationPlatforms) = preSolution
		Debug|Any CPU = Debug|Any CPU
		Release|Any CPU = Release|Any CPU
	EndGlobalSection
	GlobalSection(ProjectConfigurationPlatforms) = postSolution
		{0794D4CD-3F6C-49B2-9D60-7BB24315D2B0}.Debug|Any CPU.ActiveCfg = Debug|Any CPU
		{0794D4CD-3F6C-49B2-9D60-7BB24315D2B0}.Debug|Any CPU.Build.0 = Debug|Any CPU
		{0794D4CD-3F6C-49B2-9D60-7BB24315D2B0}.Release|Any CPU.ActiveCfg = Release|Any CPU
		{0794D4CD-3F6C-49B2-9D60-7BB24315D2B0}.Release|Any CPU.Build.0 = Release|Any CPU
	EndGlobalSection
	GlobalSection(SolutionProperties) = preSolution
		HideSolutionNode = FALSE
	EndGlobalSection
	GlobalSection(ExtensibilityGlobals) = postSolution
		SolutionGuid = {14BFE3DC-B9EE-4E9E-B768-023E3CC99116}
	EndGlobalSection
EndGlobal
